
Microsoft Visual Studio Solution File, Format Version 12.00
# Visual Studio Version 16
VisualStudioVersion = 16.0.30204.135
MinimumVisualStudioVersion = 10.0.40219.1
Project("{8BC9CEB8-8B4A-11D0-8D11-00A0C91BC942}") = "hwLess29SrandMassive", "hwLess29SrandMassive.vcxproj", "{E93395F4-249A-4E35-AB8F-81EDFB12B806}"
EndProject
Global
	GlobalSection(SolutionConfigurationPlatforms) = preSolution
		Debug|x64 = Debug|x64
		Debug|x86 = Debug|x86
		Release|x64 = Release|x64
		Release|x86 = Release|x86
	EndGlobalSection
	GlobalSection(ProjectConfigurationPlatforms) = postSolution
		{E93395F4-249A-4E35-AB8F-81EDFB12B806}.Debug|x64.ActiveCfg = Debug|x64
		{E93395F4-249A-4E35-AB8F-81EDFB12B806}.Debug|x64.Build.0 = Debug|x64
		{E93395F4-249A-4E35-AB8F-81EDFB12B806}.Debug|x86.ActiveCfg = Debug|Win32
		{E93395F4-249A-4E35-AB8F-81EDFB12B806}.Debug|x86.Build.0 = Debug|Win32
		{E93395F4-249A-4E35-AB8F-81EDFB12B806}.Release|x64.ActiveCfg = Release|x64
		{E93395F4-249A-4E35-AB8F-81EDFB12B806}.Release|x64.Build.0 = Release|x64
		{E93395F4-249A-4E35-AB8F-81EDFB12B806}.Release|x86.ActiveCfg = Release|Win32
		{E93395F4-249A-4E35-AB8F-81EDFB12B806}.Release|x86.Build.0 = Release|Win32
	EndGlobalSection
	GlobalSection(SolutionProperties) = preSolution
		HideSolutionNode = FALSE
	EndGlobalSection
	GlobalSection(ExtensibilityGlobals) = postSolution
		SolutionGuid = {3FCABF6E-9E5E-4252-91C5-1A383D783E9E}
	EndGlobalSection
EndGlobal
